
Microsoft Visual Studio Solution File, Format Version 12.00
# Visual Studio Version 16
VisualStudioVersion = 16.0.29123.88
MinimumVisualStudioVersion = 10.0.40219.1
Project("{2150E333-8FDC-42A3-9474-1A3956D46DE8}") = "Domain", "Domain", "{81F9322B-4A48-4F1C-A2A9-2E737E8E2C39}"
EndProject
Project("{2150E333-8FDC-42A3-9474-1A3956D46DE8}") = "Gateway", "Gateway", "{97C6A14F-C224-4747-94B2-6434EA5DECAF}"
EndProject
Project("{2150E333-8FDC-42A3-9474-1A3956D46DE8}") = "Application", "Application", "{92D30A0A-B8AA-4214-946B-7BDCFE972939}"
EndProject
Project("{9A19103F-16F7-4668-BE54-9A1E7A4F7556}") = "UserDomain", "Domain\UserDomain\UserDomain.csproj", "{D2181990-596E-49F0-B0D1-8DBBD219F89D}"
EndProject
Project("{9A19103F-16F7-4668-BE54-9A1E7A4F7556}") = "DomainCore", "Domain\DomainCore\DomainCore.csproj", "{061F3F20-6B8F-4082-9D80-16FA8E32F7B2}"
EndProject
Project("{2150E333-8FDC-42A3-9474-1A3956D46DE8}") = "Infrastructure", "Infrastructure", "{FE0F5470-D317-47F2-B7B0-5E2AA2882A85}"
EndProject
Project("{2150E333-8FDC-42A3-9474-1A3956D46DE8}") = "Repository", "Repository", "{0678ECED-B875-46D4-A5C0-9DD2AEC6CEDF}"
EndProject
Project("{9A19103F-16F7-4668-BE54-9A1E7A4F7556}") = "UserAppContext", "Infrastructure\Repository\UserAppContext\UserAppContext.csproj", "{14909746-7B0B-4338-AF35-B0E57EA38EE8}"
EndProject
Project("{2150E333-8FDC-42A3-9474-1A3956D46DE8}") = "WebApp", "WebApp", "{4C4A9011-CDF4-4281-9060-15FB436ACC9F}"
EndProject
Project("{9A19103F-16F7-4668-BE54-9A1E7A4F7556}") = "UserApi", "WebApp\UserApi\UserApi.csproj", "{FA93ADBC-922D-4904-BC3D-282F6C46FB18}"
EndProject
Project("{9A19103F-16F7-4668-BE54-9A1E7A4F7556}") = "UserApplication", "Application\UserApplication\UserApplication.csproj", "{4993A4F6-50D0-421A-B507-A7A0EF3BC264}"
EndProject
Project("{9A19103F-16F7-4668-BE54-9A1E7A4F7556}") = "OrderDomain", "Domain\OrderDomain\OrderDomain.csproj", "{EDDFFCAD-DDF5-415B-B1B7-B715E720FF05}"
EndProject
Project("{9A19103F-16F7-4668-BE54-9A1E7A4F7556}") = "OrderAppContext", "Infrastructure\Repository\OrderAppContext\OrderAppContext.csproj", "{44D793FF-1817-4EB7-B024-3C32900F9F21}"
EndProject
Project("{9A19103F-16F7-4668-BE54-9A1E7A4F7556}") = "OrderApplication", "Application\OrderApplication\OrderApplication.csproj", "{85470E8F-C066-4618-9542-20813BF7D829}"
EndProject
Project("{9A19103F-16F7-4668-BE54-9A1E7A4F7556}") = "OrderApi", "Api\OrderApi\OrderApi.csproj", "{3882829D-CA9E-45E7-9A5F-9FAFA907C947}"
EndProject
Project("{FAE04EC0-301F-11D3-BF4B-00C04F79EFBC}") = "AppGateway", "Gateway\AppGateway\AppGateway.csproj", "{E16F8284-0C67-4CFE-AF14-4B349AC90821}"
EndProject
Project("{2150E333-8FDC-42A3-9474-1A3956D46DE8}") = "CAP", "CAP", "{D0895896-51B3-4B95-8CDA-8CE753C61A75}"
EndProject
Project("{FAE04EC0-301F-11D3-BF4B-00C04F79EFBC}") = "SampleCAP", "CAP\SampleCAP\SampleCAP.csproj", "{10C42A94-D2FF-4F19-9AC6-18A7734D5DAE}"
EndProject
Global
	GlobalSection(SolutionConfigurationPlatforms) = preSolution
		Debug|Any CPU = Debug|Any CPU
		Release|Any CPU = Release|Any CPU
	EndGlobalSection
	GlobalSection(ProjectConfigurationPlatforms) = postSolution
		{D2181990-596E-49F0-B0D1-8DBBD219F89D}.Debug|Any CPU.ActiveCfg = Debug|Any CPU
		{D2181990-596E-49F0-B0D1-8DBBD219F89D}.Debug|Any CPU.Build.0 = Debug|Any CPU
		{D2181990-596E-49F0-B0D1-8DBBD219F89D}.Release|Any CPU.ActiveCfg = Release|Any CPU
		{D2181990-596E-49F0-B0D1-8DBBD219F89D}.Release|Any CPU.Build.0 = Release|Any CPU
		{061F3F20-6B8F-4082-9D80-16FA8E32F7B2}.Debug|Any CPU.ActiveCfg = Debug|Any CPU
		{061F3F20-6B8F-4082-9D80-16FA8E32F7B2}.Debug|Any CPU.Build.0 = Debug|Any CPU
		{061F3F20-6B8F-4082-9D80-16FA8E32F7B2}.Release|Any CPU.ActiveCfg = Release|Any CPU
		{061F3F20-6B8F-4082-9D80-16FA8E32F7B2}.Release|Any CPU.Build.0 = Release|Any CPU
		{14909746-7B0B-4338-AF35-B0E57EA38EE8}.Debug|Any CPU.ActiveCfg = Debug|Any CPU
		{14909746-7B0B-4338-AF35-B0E57EA38EE8}.Debug|Any CPU.Build.0 = Debug|Any CPU
		{14909746-7B0B-4338-AF35-B0E57EA38EE8}.Release|Any CPU.ActiveCfg = Release|Any CPU
		{14909746-7B0B-4338-AF35-B0E57EA38EE8}.Release|Any CPU.Build.0 = Release|Any CPU
		{FA93ADBC-922D-4904-BC3D-282F6C46FB18}.Debug|Any CPU.ActiveCfg = Debug|Any CPU
		{FA93ADBC-922D-4904-BC3D-282F6C46FB18}.Debug|Any CPU.Build.0 = Debug|Any CPU
		{FA93ADBC-922D-4904-BC3D-282F6C46FB18}.Release|Any CPU.ActiveCfg = Release|Any CPU
		{FA93ADBC-922D-4904-BC3D-282F6C46FB18}.Release|Any CPU.Build.0 = Release|Any CPU
		{4993A4F6-50D0-421A-B507-A7A0EF3BC264}.Debug|Any CPU.ActiveCfg = Debug|Any CPU
		{4993A4F6-50D0-421A-B507-A7A0EF3BC264}.Debug|Any CPU.Build.0 = Debug|Any CPU
		{4993A4F6-50D0-421A-B507-A7A0EF3BC264}.Release|Any CPU.ActiveCfg = Release|Any CPU
		{4993A4F6-50D0-421A-B507-A7A0EF3BC264}.Release|Any CPU.Build.0 = Release|Any CPU
		{EDDFFCAD-DDF5-415B-B1B7-B715E720FF05}.Debug|Any CPU.ActiveCfg = Debug|Any CPU
		{EDDFFCAD-DDF5-415B-B1B7-B715E720FF05}.Debug|Any CPU.Build.0 = Debug|Any CPU
		{EDDFFCAD-DDF5-415B-B1B7-B715E720FF05}.Release|Any CPU.ActiveCfg = Release|Any CPU
		{EDDFFCAD-DDF5-415B-B1B7-B715E720FF05}.Release|Any CPU.Build.0 = Release|Any CPU
		{44D793FF-1817-4EB7-B024-3C32900F9F21}.Debug|Any CPU.ActiveCfg = Debug|Any CPU
		{44D793FF-1817-4EB7-B024-3C32900F9F21}.Debug|Any CPU.Build.0 = Debug|Any CPU
		{44D793FF-1817-4EB7-B024-3C32900F9F21}.Release|Any CPU.ActiveCfg = Release|Any CPU
		{44D793FF-1817-4EB7-B024-3C32900F9F21}.Release|Any CPU.Build.0 = Release|Any CPU
		{85470E8F-C066-4618-9542-20813BF7D829}.Debug|Any CPU.ActiveCfg = Debug|Any CPU
		{85470E8F-C066-4618-9542-20813BF7D829}.Debug|Any CPU.Build.0 = Debug|Any CPU
		{85470E8F-C066-4618-9542-20813BF7D829}.Release|Any CPU.ActiveCfg = Release|Any CPU
		{85470E8F-C066-4618-9542-20813BF7D829}.Release|Any CPU.Build.0 = Release|Any CPU
		{3882829D-CA9E-45E7-9A5F-9FAFA907C947}.Debug|Any CPU.ActiveCfg = Debug|Any CPU
		{3882829D-CA9E-45E7-9A5F-9FAFA907C947}.Debug|Any CPU.Build.0 = Debug|Any CPU
		{3882829D-CA9E-45E7-9A5F-9FAFA907C947}.Release|Any CPU.ActiveCfg = Release|Any CPU
		{3882829D-CA9E-45E7-9A5F-9FAFA907C947}.Release|Any CPU.Build.0 = Release|Any CPU
		{E16F8284-0C67-4CFE-AF14-4B349AC90821}.Debug|Any CPU.ActiveCfg = Debug|Any CPU
		{E16F8284-0C67-4CFE-AF14-4B349AC90821}.Debug|Any CPU.Build.0 = Debug|Any CPU
		{E16F8284-0C67-4CFE-AF14-4B349AC90821}.Release|Any CPU.ActiveCfg = Release|Any CPU
		{E16F8284-0C67-4CFE-AF14-4B349AC90821}.Release|Any CPU.Build.0 = Release|Any CPU
		{10C42A94-D2FF-4F19-9AC6-18A7734D5DAE}.Debug|Any CPU.ActiveCfg = Debug|Any CPU
		{10C42A94-D2FF-4F19-9AC6-18A7734D5DAE}.Debug|Any CPU.Build.0 = Debug|Any CPU
		{10C42A94-D2FF-4F19-9AC6-18A7734D5DAE}.Release|Any CPU.ActiveCfg = Release|Any CPU
		{10C42A94-D2FF-4F19-9AC6-18A7734D5DAE}.Release|Any CPU.Build.0 = Release|Any CPU
	EndGlobalSection
	GlobalSection(SolutionProperties) = preSolution
		HideSolutionNode = FALSE
	EndGlobalSection
	GlobalSection(NestedProjects) = preSolution
		{D2181990-596E-49F0-B0D1-8DBBD219F89D} = {81F9322B-4A48-4F1C-A2A9-2E737E8E2C39}
		{061F3F20-6B8F-4082-9D80-16FA8E32F7B2} = {81F9322B-4A48-4F1C-A2A9-2E737E8E2C39}
		{0678ECED-B875-46D4-A5C0-9DD2AEC6CEDF} = {FE0F5470-D317-47F2-B7B0-5E2AA2882A85}
		{14909746-7B0B-4338-AF35-B0E57EA38EE8} = {0678ECED-B875-46D4-A5C0-9DD2AEC6CEDF}
		{FA93ADBC-922D-4904-BC3D-282F6C46FB18} = {4C4A9011-CDF4-4281-9060-15FB436ACC9F}
		{4993A4F6-50D0-421A-B507-A7A0EF3BC264} = {92D30A0A-B8AA-4214-946B-7BDCFE972939}
		{EDDFFCAD-DDF5-415B-B1B7-B715E720FF05} = {81F9322B-4A48-4F1C-A2A9-2E737E8E2C39}
		{44D793FF-1817-4EB7-B024-3C32900F9F21} = {0678ECED-B875-46D4-A5C0-9DD2AEC6CEDF}
		{85470E8F-C066-4618-9542-20813BF7D829} = {92D30A0A-B8AA-4214-946B-7BDCFE972939}
		{3882829D-CA9E-45E7-9A5F-9FAFA907C947} = {4C4A9011-CDF4-4281-9060-15FB436ACC9F}
		{E16F8284-0C67-4CFE-AF14-4B349AC90821} = {97C6A14F-C224-4747-94B2-6434EA5DECAF}
		{10C42A94-D2FF-4F19-9AC6-18A7734D5DAE} = {D0895896-51B3-4B95-8CDA-8CE753C61A75}
	EndGlobalSection
	GlobalSection(ExtensibilityGlobals) = postSolution
		SolutionGuid = {1A1567AF-83FA-40D3-98B7-89D7BC0C0483}
	EndGlobalSection
EndGlobal
