
Microsoft Visual Studio Solution File, Format Version 12.00
# Visual Studio Version 16
VisualStudioVersion = 16.0.29806.167
MinimumVisualStudioVersion = 10.0.40219.1
Project("{9A19103F-16F7-4668-BE54-9A1E7A4F7556}") = "GrpcServer", "GrpcServer\GrpcServer.csproj", "{0859F057-D7B0-4DCE-9D2E-02C0520127E2}"
EndProject
Project("{9A19103F-16F7-4668-BE54-9A1E7A4F7556}") = "GrpcClient", "GrpcClient\GrpcClient.csproj", "{2B945CE4-30E5-4729-8ECB-0FC348E39F93}"
EndProject
Project("{9A19103F-16F7-4668-BE54-9A1E7A4F7556}") = "GrpcLibrary", "GrpcLibrary\GrpcLibrary.csproj", "{202F4B2D-56F3-4B7C-8933-F06EE744EF59}"
EndProject
Project("{FAE04EC0-301F-11D3-BF4B-00C04F79EFBC}") = "GrpcService2", "GrpcService2\GrpcService2.csproj", "{1EDF400F-9DFA-48BF-A40D-D8486AB59244}"
EndProject
Project("{FAE04EC0-301F-11D3-BF4B-00C04F79EFBC}") = "GrpcClient2", "GrpcClient2\GrpcClient2.csproj", "{6B8F23C9-DEF5-40C9-80A5-DEBC130333F4}"
EndProject
Global
	GlobalSection(SolutionConfigurationPlatforms) = preSolution
		Debug|Any CPU = Debug|Any CPU
		Release|Any CPU = Release|Any CPU
	EndGlobalSection
	GlobalSection(ProjectConfigurationPlatforms) = postSolution
		{0859F057-D7B0-4DCE-9D2E-02C0520127E2}.Debug|Any CPU.ActiveCfg = Debug|Any CPU
		{0859F057-D7B0-4DCE-9D2E-02C0520127E2}.Debug|Any CPU.Build.0 = Debug|Any CPU
		{0859F057-D7B0-4DCE-9D2E-02C0520127E2}.Release|Any CPU.ActiveCfg = Release|Any CPU
		{0859F057-D7B0-4DCE-9D2E-02C0520127E2}.Release|Any CPU.Build.0 = Release|Any CPU
		{2B945CE4-30E5-4729-8ECB-0FC348E39F93}.Debug|Any CPU.ActiveCfg = Debug|Any CPU
		{2B945CE4-30E5-4729-8ECB-0FC348E39F93}.Debug|Any CPU.Build.0 = Debug|Any CPU
		{2B945CE4-30E5-4729-8ECB-0FC348E39F93}.Release|Any CPU.ActiveCfg = Release|Any CPU
		{2B945CE4-30E5-4729-8ECB-0FC348E39F93}.Release|Any CPU.Build.0 = Release|Any CPU
		{202F4B2D-56F3-4B7C-8933-F06EE744EF59}.Debug|Any CPU.ActiveCfg = Debug|Any CPU
		{202F4B2D-56F3-4B7C-8933-F06EE744EF59}.Debug|Any CPU.Build.0 = Debug|Any CPU
		{202F4B2D-56F3-4B7C-8933-F06EE744EF59}.Release|Any CPU.ActiveCfg = Release|Any CPU
		{202F4B2D-56F3-4B7C-8933-F06EE744EF59}.Release|Any CPU.Build.0 = Release|Any CPU
		{1EDF400F-9DFA-48BF-A40D-D8486AB59244}.Debug|Any CPU.ActiveCfg = Debug|Any CPU
		{1EDF400F-9DFA-48BF-A40D-D8486AB59244}.Debug|Any CPU.Build.0 = Debug|Any CPU
		{1EDF400F-9DFA-48BF-A40D-D8486AB59244}.Release|Any CPU.ActiveCfg = Release|Any CPU
		{1EDF400F-9DFA-48BF-A40D-D8486AB59244}.Release|Any CPU.Build.0 = Release|Any CPU
		{6B8F23C9-DEF5-40C9-80A5-DEBC130333F4}.Debug|Any CPU.ActiveCfg = Debug|Any CPU
		{6B8F23C9-DEF5-40C9-80A5-DEBC130333F4}.Debug|Any CPU.Build.0 = Debug|Any CPU
		{6B8F23C9-DEF5-40C9-80A5-DEBC130333F4}.Release|Any CPU.ActiveCfg = Release|Any CPU
		{6B8F23C9-DEF5-40C9-80A5-DEBC130333F4}.Release|Any CPU.Build.0 = Release|Any CPU
	EndGlobalSection
	GlobalSection(SolutionProperties) = preSolution
		HideSolutionNode = FALSE
	EndGlobalSection
	GlobalSection(ExtensibilityGlobals) = postSolution
		SolutionGuid = {B3E6C25D-2084-408C-817A-799D4463CA95}
	EndGlobalSection
EndGlobal
