
Microsoft Visual Studio Solution File, Format Version 12.00
# Visual Studio Version 16
VisualStudioVersion = 16.0.29123.88
MinimumVisualStudioVersion = 10.0.40219.1
Project("{2150E333-8FDC-42A3-9474-1A3956D46DE8}") = "AutoFac", "AutoFac", "{8C8BE29E-698B-4F30-8FDF-E2019CB98379}"
EndProject
Project("{9A19103F-16F7-4668-BE54-9A1E7A4F7556}") = "AutoFacDemo", "Autofac\AutoFacDemo\AutoFacDemo.csproj", "{7B880423-BF46-4CB5-B4C0-949EBD5B4707}"
EndProject
Project("{2150E333-8FDC-42A3-9474-1A3956D46DE8}") = "Test", "Test", "{A9DBBE67-622B-45FE-81C7-31FA0BE7FE6F}"
EndProject
Project("{9A19103F-16F7-4668-BE54-9A1E7A4F7556}") = "TestSpeed", "Test\TestSpeed\TestSpeed.csproj", "{E50B0A8D-526C-4CF3-B25E-960AF3355FA1}"
EndProject
Project("{9A19103F-16F7-4668-BE54-9A1E7A4F7556}") = "LeetCode.Question", "Test\LeetCode.Question\LeetCode.Question.csproj", "{81FC5528-03A9-48F8-9A77-5D8990453897}"
EndProject
Project("{2150E333-8FDC-42A3-9474-1A3956D46DE8}") = "Tools", "Tools", "{B562F0FC-32C6-44C9-8133-83A6CE54C992}"
EndProject
Project("{9A19103F-16F7-4668-BE54-9A1E7A4F7556}") = "Consoles.Tools", "Tools\Console.Tools\Consoles.Tools.csproj", "{F827E185-C53E-4656-A673-D92C73A4AB40}"
EndProject
Project("{2150E333-8FDC-42A3-9474-1A3956D46DE8}") = "Study", "Study", "{CADD53F6-5A44-4536-B042-9BE6D2EB0B6C}"
EndProject
Project("{FAE04EC0-301F-11D3-BF4B-00C04F79EFBC}") = "OdataStudy", "Study\OdataStudy\OdataStudy.csproj", "{09332408-487F-4F6F-B5BE-DB75F6CFB8DD}"
EndProject
Global
	GlobalSection(SolutionConfigurationPlatforms) = preSolution
		Debug|Any CPU = Debug|Any CPU
		Release|Any CPU = Release|Any CPU
	EndGlobalSection
	GlobalSection(ProjectConfigurationPlatforms) = postSolution
		{7B880423-BF46-4CB5-B4C0-949EBD5B4707}.Debug|Any CPU.ActiveCfg = Debug|Any CPU
		{7B880423-BF46-4CB5-B4C0-949EBD5B4707}.Debug|Any CPU.Build.0 = Debug|Any CPU
		{7B880423-BF46-4CB5-B4C0-949EBD5B4707}.Release|Any CPU.ActiveCfg = Release|Any CPU
		{7B880423-BF46-4CB5-B4C0-949EBD5B4707}.Release|Any CPU.Build.0 = Release|Any CPU
		{E50B0A8D-526C-4CF3-B25E-960AF3355FA1}.Debug|Any CPU.ActiveCfg = Debug|Any CPU
		{E50B0A8D-526C-4CF3-B25E-960AF3355FA1}.Debug|Any CPU.Build.0 = Debug|Any CPU
		{E50B0A8D-526C-4CF3-B25E-960AF3355FA1}.Release|Any CPU.ActiveCfg = Release|Any CPU
		{E50B0A8D-526C-4CF3-B25E-960AF3355FA1}.Release|Any CPU.Build.0 = Release|Any CPU
		{81FC5528-03A9-48F8-9A77-5D8990453897}.Debug|Any CPU.ActiveCfg = Debug|Any CPU
		{81FC5528-03A9-48F8-9A77-5D8990453897}.Debug|Any CPU.Build.0 = Debug|Any CPU
		{81FC5528-03A9-48F8-9A77-5D8990453897}.Release|Any CPU.ActiveCfg = Release|Any CPU
		{81FC5528-03A9-48F8-9A77-5D8990453897}.Release|Any CPU.Build.0 = Release|Any CPU
		{F827E185-C53E-4656-A673-D92C73A4AB40}.Debug|Any CPU.ActiveCfg = Debug|Any CPU
		{F827E185-C53E-4656-A673-D92C73A4AB40}.Debug|Any CPU.Build.0 = Debug|Any CPU
		{F827E185-C53E-4656-A673-D92C73A4AB40}.Release|Any CPU.ActiveCfg = Release|Any CPU
		{F827E185-C53E-4656-A673-D92C73A4AB40}.Release|Any CPU.Build.0 = Release|Any CPU
		{09332408-487F-4F6F-B5BE-DB75F6CFB8DD}.Debug|Any CPU.ActiveCfg = Debug|Any CPU
		{09332408-487F-4F6F-B5BE-DB75F6CFB8DD}.Debug|Any CPU.Build.0 = Debug|Any CPU
		{09332408-487F-4F6F-B5BE-DB75F6CFB8DD}.Release|Any CPU.ActiveCfg = Release|Any CPU
		{09332408-487F-4F6F-B5BE-DB75F6CFB8DD}.Release|Any CPU.Build.0 = Release|Any CPU
	EndGlobalSection
	GlobalSection(SolutionProperties) = preSolution
		HideSolutionNode = FALSE
	EndGlobalSection
	GlobalSection(NestedProjects) = preSolution
		{7B880423-BF46-4CB5-B4C0-949EBD5B4707} = {8C8BE29E-698B-4F30-8FDF-E2019CB98379}
		{E50B0A8D-526C-4CF3-B25E-960AF3355FA1} = {A9DBBE67-622B-45FE-81C7-31FA0BE7FE6F}
		{81FC5528-03A9-48F8-9A77-5D8990453897} = {A9DBBE67-622B-45FE-81C7-31FA0BE7FE6F}
		{F827E185-C53E-4656-A673-D92C73A4AB40} = {B562F0FC-32C6-44C9-8133-83A6CE54C992}
		{09332408-487F-4F6F-B5BE-DB75F6CFB8DD} = {CADD53F6-5A44-4536-B042-9BE6D2EB0B6C}
	EndGlobalSection
	GlobalSection(ExtensibilityGlobals) = postSolution
		SolutionGuid = {6A0AB001-54A1-4D28-9885-98A6FB8A339F}
	EndGlobalSection
EndGlobal
