
Microsoft Visual Studio Solution File, Format Version 12.00
# Visual Studio 15
VisualStudioVersion = 15.0.28307.421
MinimumVisualStudioVersion = 10.0.40219.1
Project("{FAE04EC0-301F-11D3-BF4B-00C04F79EFBC}") = "MediatRDemo", "MediatRDemo\MediatRDemo.csproj", "{10FF68BA-F466-42E8-AE8C-C0ED4EA61D2E}"
EndProject
Project("{FAE04EC0-301F-11D3-BF4B-00C04F79EFBC}") = "CusHandler", "CusHandler\CusHandler.csproj", "{B3E2AAB8-1857-4CD3-AE79-AEB8B62ABFA3}"
EndProject
Global
	GlobalSection(SolutionConfigurationPlatforms) = preSolution
		Debug|Any CPU = Debug|Any CPU
		Release|Any CPU = Release|Any CPU
	EndGlobalSection
	GlobalSection(ProjectConfigurationPlatforms) = postSolution
		{10FF68BA-F466-42E8-AE8C-C0ED4EA61D2E}.Debug|Any CPU.ActiveCfg = Debug|Any CPU
		{10FF68BA-F466-42E8-AE8C-C0ED4EA61D2E}.Debug|Any CPU.Build.0 = Debug|Any CPU
		{10FF68BA-F466-42E8-AE8C-C0ED4EA61D2E}.Release|Any CPU.ActiveCfg = Release|Any CPU
		{10FF68BA-F466-42E8-AE8C-C0ED4EA61D2E}.Release|Any CPU.Build.0 = Release|Any CPU
		{B3E2AAB8-1857-4CD3-AE79-AEB8B62ABFA3}.Debug|Any CPU.ActiveCfg = Debug|Any CPU
		{B3E2AAB8-1857-4CD3-AE79-AEB8B62ABFA3}.Debug|Any CPU.Build.0 = Debug|Any CPU
		{B3E2AAB8-1857-4CD3-AE79-AEB8B62ABFA3}.Release|Any CPU.ActiveCfg = Release|Any CPU
		{B3E2AAB8-1857-4CD3-AE79-AEB8B62ABFA3}.Release|Any CPU.Build.0 = Release|Any CPU
	EndGlobalSection
	GlobalSection(SolutionProperties) = preSolution
		HideSolutionNode = FALSE
	EndGlobalSection
	GlobalSection(ExtensibilityGlobals) = postSolution
		SolutionGuid = {91D1661D-FF2E-4EF2-ACC6-27D8BB2D7BAA}
	EndGlobalSection
EndGlobal
