
Microsoft Visual Studio Solution File, Format Version 12.00
# Visual Studio Version 16
VisualStudioVersion = 16.0.29806.167
MinimumVisualStudioVersion = 10.0.40219.1
Project("{9A19103F-16F7-4668-BE54-9A1E7A4F7556}") = "AnyThing", "AnyThing\AnyThing.csproj", "{890CE3B7-23F9-40F7-8F50-99C9D2C01D25}"
EndProject
Project("{9A19103F-16F7-4668-BE54-9A1E7A4F7556}") = "Common", "Common\Common.csproj", "{ADA5B3AB-E968-4FDD-8F89-880179504752}"
EndProject
Project("{FAE04EC0-301F-11D3-BF4B-00C04F79EFBC}") = "FrameConsoleApp", "FrameConsoleApp\FrameConsoleApp.csproj", "{E2ACC08A-0D04-48A1-8DCC-9B76C7C4C2B6}"
EndProject
Project("{9A19103F-16F7-4668-BE54-9A1E7A4F7556}") = "WebApplication1", "WebApplication1\WebApplication1.csproj", "{6EBD110E-76DF-4B80-A5EF-E10FA52C9DFF}"
EndProject
Project("{9A19103F-16F7-4668-BE54-9A1E7A4F7556}") = "SwaggerDemoApi", "SwaggerDemoApi\SwaggerDemoApi.csproj", "{6B351A0D-8AB0-483A-8AA0-458DC6491C61}"
EndProject
Project("{9A19103F-16F7-4668-BE54-9A1E7A4F7556}") = "IpFindCity", "IpFindCity\IpFindCity.csproj", "{CC694448-73E7-41C0-BE2C-68E76994BC50}"
EndProject
Global
	GlobalSection(SolutionConfigurationPlatforms) = preSolution
		Debug|Any CPU = Debug|Any CPU
		Release|Any CPU = Release|Any CPU
	EndGlobalSection
	GlobalSection(ProjectConfigurationPlatforms) = postSolution
		{890CE3B7-23F9-40F7-8F50-99C9D2C01D25}.Debug|Any CPU.ActiveCfg = Debug|Any CPU
		{890CE3B7-23F9-40F7-8F50-99C9D2C01D25}.Debug|Any CPU.Build.0 = Debug|Any CPU
		{890CE3B7-23F9-40F7-8F50-99C9D2C01D25}.Release|Any CPU.ActiveCfg = Release|Any CPU
		{890CE3B7-23F9-40F7-8F50-99C9D2C01D25}.Release|Any CPU.Build.0 = Release|Any CPU
		{ADA5B3AB-E968-4FDD-8F89-880179504752}.Debug|Any CPU.ActiveCfg = Debug|Any CPU
		{ADA5B3AB-E968-4FDD-8F89-880179504752}.Debug|Any CPU.Build.0 = Debug|Any CPU
		{ADA5B3AB-E968-4FDD-8F89-880179504752}.Release|Any CPU.ActiveCfg = Release|Any CPU
		{ADA5B3AB-E968-4FDD-8F89-880179504752}.Release|Any CPU.Build.0 = Release|Any CPU
		{E2ACC08A-0D04-48A1-8DCC-9B76C7C4C2B6}.Debug|Any CPU.ActiveCfg = Debug|Any CPU
		{E2ACC08A-0D04-48A1-8DCC-9B76C7C4C2B6}.Debug|Any CPU.Build.0 = Debug|Any CPU
		{E2ACC08A-0D04-48A1-8DCC-9B76C7C4C2B6}.Release|Any CPU.ActiveCfg = Release|Any CPU
		{E2ACC08A-0D04-48A1-8DCC-9B76C7C4C2B6}.Release|Any CPU.Build.0 = Release|Any CPU
		{6EBD110E-76DF-4B80-A5EF-E10FA52C9DFF}.Debug|Any CPU.ActiveCfg = Debug|Any CPU
		{6EBD110E-76DF-4B80-A5EF-E10FA52C9DFF}.Debug|Any CPU.Build.0 = Debug|Any CPU
		{6EBD110E-76DF-4B80-A5EF-E10FA52C9DFF}.Release|Any CPU.ActiveCfg = Release|Any CPU
		{6EBD110E-76DF-4B80-A5EF-E10FA52C9DFF}.Release|Any CPU.Build.0 = Release|Any CPU
		{6B351A0D-8AB0-483A-8AA0-458DC6491C61}.Debug|Any CPU.ActiveCfg = Debug|Any CPU
		{6B351A0D-8AB0-483A-8AA0-458DC6491C61}.Debug|Any CPU.Build.0 = Debug|Any CPU
		{6B351A0D-8AB0-483A-8AA0-458DC6491C61}.Release|Any CPU.ActiveCfg = Release|Any CPU
		{6B351A0D-8AB0-483A-8AA0-458DC6491C61}.Release|Any CPU.Build.0 = Release|Any CPU
		{CC694448-73E7-41C0-BE2C-68E76994BC50}.Debug|Any CPU.ActiveCfg = Debug|Any CPU
		{CC694448-73E7-41C0-BE2C-68E76994BC50}.Debug|Any CPU.Build.0 = Debug|Any CPU
		{CC694448-73E7-41C0-BE2C-68E76994BC50}.Release|Any CPU.ActiveCfg = Release|Any CPU
		{CC694448-73E7-41C0-BE2C-68E76994BC50}.Release|Any CPU.Build.0 = Release|Any CPU
	EndGlobalSection
	GlobalSection(SolutionProperties) = preSolution
		HideSolutionNode = FALSE
	EndGlobalSection
	GlobalSection(ExtensibilityGlobals) = postSolution
		SolutionGuid = {91D1661D-FF2E-4EF2-ACC6-27D8BB2D7BAA}
	EndGlobalSection
EndGlobal
